
Microsoft Visual Studio Solution File, Format Version 12.00
# Visual Studio 2013
VisualStudioVersion = 12.0.0.0
MinimumVisualStudioVersion = 10.0.0.1
Project("{FAE04EC0-301F-11D3-BF4B-00C04F79EFBC}") = "TFTCore", "TFTCore\TFTCore.csproj", "{03384E8B-2EB9-44A5-A681-0993FA7E1C05}"
EndProject
Project("{FAE04EC0-301F-11D3-BF4B-00C04F79EFBC}") = "TFTUnitTests", "TFTUnitTests\TFTUnitTests.csproj", "{35905D2C-62A1-4209-9F5E-E6275F09EC71}"
EndProject
Global
	GlobalSection(SolutionConfigurationPlatforms) = preSolution
		Debug|Any CPU = Debug|Any CPU
		Release|Any CPU = Release|Any CPU
	EndGlobalSection
	GlobalSection(ProjectConfigurationPlatforms) = postSolution
		{03384E8B-2EB9-44A5-A681-0993FA7E1C05}.Debug|Any CPU.ActiveCfg = Debug|Any CPU
		{03384E8B-2EB9-44A5-A681-0993FA7E1C05}.Debug|Any CPU.Build.0 = Debug|Any CPU
		{03384E8B-2EB9-44A5-A681-0993FA7E1C05}.Release|Any CPU.ActiveCfg = Release|Any CPU
		{03384E8B-2EB9-44A5-A681-0993FA7E1C05}.Release|Any CPU.Build.0 = Release|Any CPU
		{35905D2C-62A1-4209-9F5E-E6275F09EC71}.Debug|Any CPU.ActiveCfg = Debug|Any CPU
		{35905D2C-62A1-4209-9F5E-E6275F09EC71}.Debug|Any CPU.Build.0 = Debug|Any CPU
		{35905D2C-62A1-4209-9F5E-E6275F09EC71}.Release|Any CPU.ActiveCfg = Release|Any CPU
		{35905D2C-62A1-4209-9F5E-E6275F09EC71}.Release|Any CPU.Build.0 = Release|Any CPU
	EndGlobalSection
	GlobalSection(SolutionProperties) = preSolution
		HideSolutionNode = FALSE
	EndGlobalSection
EndGlobal
